#MicroXplorer Configuration settings - do not modify
ADC1.Channel-4\#ChannelRegularConversion=ADC_CHANNEL_16
ADC1.Channel-5\#ChannelRegularConversion=ADC_CHANNEL_14
ADC1.Channel-6\#ChannelRegularConversion=ADC_CHANNEL_17
ADC1.Channel-7\#ChannelRegularConversion=ADC_CHANNEL_19
ADC1.Channel-8\#ChannelRegularConversion=ADC_CHANNEL_15
ADC1.ContinuousConvMode=ENABLE
ADC1.ConversionDataManagement=ADC_CONVERSIONDATA_DMA_ONESHOT
ADC1.EOCSelection=ADC_EOC_SEQ_CONV
ADC1.IPParameters=Rank-4\#ChannelRegularConversion,Channel-4\#ChannelRegularConversion,SamplingTime-4\#ChannelRegularConversion,OffsetNumber-4\#ChannelRegularConversion,OffsetSignedSaturation-4\#ChannelRegularConversion,NbrOfConversionFlag,master,ContinuousConvMode,EOCSelection,Overrun,ConversionDataManagement,Rank-5\#ChannelRegularConversion,Channel-5\#ChannelRegularConversion,SamplingTime-5\#ChannelRegularConversion,OffsetNumber-5\#ChannelRegularConversion,OffsetSignedSaturation-5\#ChannelRegularConversion,Rank-6\#ChannelRegularConversion,Channel-6\#ChannelRegularConversion,SamplingTime-6\#ChannelRegularConversion,OffsetNumber-6\#ChannelRegularConversion,OffsetSignedSaturation-6\#ChannelRegularConversion,Rank-7\#ChannelRegularConversion,Channel-7\#ChannelRegularConversion,SamplingTime-7\#ChannelRegularConversion,OffsetNumber-7\#ChannelRegularConversion,OffsetSignedSaturation-7\#ChannelRegularConversion,Rank-8\#ChannelRegularConversion,Channel-8\#ChannelRegularConversion,SamplingTime-8\#ChannelRegularConversion,OffsetNumber-8\#ChannelRegularConversion,OffsetSignedSaturation-8\#ChannelRegularConversion,NbrOfConversion
ADC1.NbrOfConversion=5
ADC1.NbrOfConversionFlag=1
ADC1.OffsetNumber-4\#ChannelRegularConversion=ADC_OFFSET_NONE
ADC1.OffsetNumber-5\#ChannelRegularConversion=ADC_OFFSET_NONE
ADC1.OffsetNumber-6\#ChannelRegularConversion=ADC_OFFSET_NONE
ADC1.OffsetNumber-7\#ChannelRegularConversion=ADC_OFFSET_NONE
ADC1.OffsetNumber-8\#ChannelRegularConversion=ADC_OFFSET_NONE
ADC1.OffsetSignedSaturation-4\#ChannelRegularConversion=DISABLE
ADC1.OffsetSignedSaturation-5\#ChannelRegularConversion=DISABLE
ADC1.OffsetSignedSaturation-6\#ChannelRegularConversion=DISABLE
ADC1.OffsetSignedSaturation-7\#ChannelRegularConversion=DISABLE
ADC1.OffsetSignedSaturation-8\#ChannelRegularConversion=DISABLE
ADC1.Overrun=ADC_OVR_DATA_OVERWRITTEN
ADC1.Rank-4\#ChannelRegularConversion=1
ADC1.Rank-5\#ChannelRegularConversion=2
ADC1.Rank-6\#ChannelRegularConversion=3
ADC1.Rank-7\#ChannelRegularConversion=4
ADC1.Rank-8\#ChannelRegularConversion=5
ADC1.SamplingTime-4\#ChannelRegularConversion=ADC_SAMPLETIME_64CYCLES_5
ADC1.SamplingTime-5\#ChannelRegularConversion=ADC_SAMPLETIME_64CYCLES_5
ADC1.SamplingTime-6\#ChannelRegularConversion=ADC_SAMPLETIME_64CYCLES_5
ADC1.SamplingTime-7\#ChannelRegularConversion=ADC_SAMPLETIME_64CYCLES_5
ADC1.SamplingTime-8\#ChannelRegularConversion=ADC_SAMPLETIME_64CYCLES_5
ADC1.master=1
CAD.formats=
CAD.pinconfig=
CAD.provider=
CORTEX_M7.BaseAddress-Cortex_Memory_Protection_Unit_Region0_Settings=0x24000000
CORTEX_M7.CPU_DCache=Enabled
CORTEX_M7.CPU_ICache=Enabled
CORTEX_M7.Enable-Cortex_Memory_Protection_Unit_Region0_Settings=MPU_REGION_ENABLE
CORTEX_M7.IPParameters=CPU_ICache,CPU_DCache,MPU_Control,Enable-Cortex_Memory_Protection_Unit_Region0_Settings,BaseAddress-Cortex_Memory_Protection_Unit_Region0_Settings,Size-Cortex_Memory_Protection_Unit_Region0_Settings
CORTEX_M7.MPU_Control=MPU_PRIVILEGED_DEFAULT
CORTEX_M7.Size-Cortex_Memory_Protection_Unit_Region0_Settings=MPU_REGION_SIZE_512KB
DAC1.DAC_Channel-DAC_OUT1=DAC_CHANNEL_1
DAC1.IPParameters=DAC_Channel-DAC_OUT1
Dma.ADC1.0.Direction=DMA_PERIPH_TO_MEMORY
Dma.ADC1.0.EventEnable=DISABLE
Dma.ADC1.0.FIFOMode=DMA_FIFOMODE_DISABLE
Dma.ADC1.0.Instance=DMA1_Stream0
Dma.ADC1.0.MemDataAlignment=DMA_MDATAALIGN_HALFWORD
Dma.ADC1.0.MemInc=DMA_MINC_ENABLE
Dma.ADC1.0.Mode=DMA_CIRCULAR
Dma.ADC1.0.PeriphDataAlignment=DMA_PDATAALIGN_HALFWORD
Dma.ADC1.0.PeriphInc=DMA_PINC_DISABLE
Dma.ADC1.0.Polarity=HAL_DMAMUX_REQ_GEN_RISING
Dma.ADC1.0.Priority=DMA_PRIORITY_LOW
Dma.ADC1.0.RequestNumber=1
Dma.ADC1.0.RequestParameters=Instance,Direction,PeriphInc,MemInc,PeriphDataAlignment,MemDataAlignment,Mode,Priority,FIFOMode,SignalID,Polarity,RequestNumber,SyncSignalID,SyncPolarity,SyncEnable,EventEnable,SyncRequestNumber
Dma.ADC1.0.SignalID=NONE
Dma.ADC1.0.SyncEnable=DISABLE
Dma.ADC1.0.SyncPolarity=HAL_DMAMUX_SYNC_NO_EVENT
Dma.ADC1.0.SyncRequestNumber=1
Dma.ADC1.0.SyncSignalID=NONE
Dma.Request0=ADC1
Dma.RequestsNb=1
FDCAN1.CalculateBaudRateNominal=1000000
FDCAN1.CalculateTimeBitNominal=1000
FDCAN1.CalculateTimeQuantumNominal=25.0
FDCAN1.DataSyncJumpWidth=8
FDCAN1.DataTimeSeg1=31
FDCAN1.DataTimeSeg2=8
FDCAN1.IPParameters=CalculateTimeQuantumNominal,CalculateTimeBitNominal,CalculateBaudRateNominal,NominalSyncJumpWidth,DataSyncJumpWidth,DataTimeSeg1,DataTimeSeg2,StdFiltersNbr,NominalPrescaler,NominalTimeSeg1,NominalTimeSeg2
FDCAN1.NominalPrescaler=1
FDCAN1.NominalSyncJumpWidth=8
FDCAN1.NominalTimeSeg1=31
FDCAN1.NominalTimeSeg2=8
FDCAN1.StdFiltersNbr=1
File.Version=6
GPIO.groupedBy=Group By Peripherals
IWDG1.IPParameters=Prescaler,Window,Reload
IWDG1.Prescaler=IWDG_PRESCALER_32
IWDG1.Reload=100
IWDG1.Window=100
KeepUserPlacement=false
Mcu.CPN=STM32H743VGT6
Mcu.Family=STM32H7
Mcu.IP0=ADC1
Mcu.IP1=CORTEX_M7
Mcu.IP10=USART1
Mcu.IP2=DAC1
Mcu.IP3=DEBUG
Mcu.IP4=DMA
Mcu.IP5=FDCAN1
Mcu.IP6=IWDG1
Mcu.IP7=NVIC
Mcu.IP8=RCC
Mcu.IP9=SYS
Mcu.IPNb=11
Mcu.Name=STM32H743VGTx
Mcu.Package=LQFP100
Mcu.Pin0=PH0-OSC_IN (PH0)
Mcu.Pin1=PH1-OSC_OUT (PH1)
Mcu.Pin10=PB0
Mcu.Pin11=PA9
Mcu.Pin12=PA10
Mcu.Pin13=PA11
Mcu.Pin14=PA12
Mcu.Pin15=PA13 (JTMS/SWDIO)
Mcu.Pin16=PA14 (JTCK/SWCLK)
Mcu.Pin17=PA15 (JTDI)
Mcu.Pin18=VP_IWDG1_VS_IWDG
Mcu.Pin19=VP_SYS_VS_Systick
Mcu.Pin2=PA0
Mcu.Pin3=PA1
Mcu.Pin4=PA2
Mcu.Pin5=PA3
Mcu.Pin6=PA4
Mcu.Pin7=PA5
Mcu.Pin8=PA6
Mcu.Pin9=PA7
Mcu.PinsNb=20
Mcu.ThirdPartyNb=0
Mcu.UserConstants=
Mcu.UserName=STM32H743VGTx
MxCube.Version=6.8.0
MxDb.Version=DB.6.0.80
NVIC.BusFault_IRQn=true\:0\:0\:false\:false\:true\:false\:false\:false
NVIC.DMA1_Stream0_IRQn=true\:0\:0\:false\:false\:true\:false\:true\:true
NVIC.DebugMonitor_IRQn=true\:0\:0\:false\:false\:true\:false\:false\:false
NVIC.ForceEnableDMAVector=true
NVIC.HardFault_IRQn=true\:0\:0\:false\:false\:true\:false\:false\:false
NVIC.MemoryManagement_IRQn=true\:0\:0\:false\:false\:true\:false\:false\:false
NVIC.NonMaskableInt_IRQn=true\:0\:0\:false\:false\:true\:false\:false\:false
NVIC.PendSV_IRQn=true\:0\:0\:false\:false\:true\:false\:false\:false
NVIC.PriorityGroup=NVIC_PRIORITYGROUP_4
NVIC.SVCall_IRQn=true\:0\:0\:false\:false\:true\:false\:false\:false
NVIC.SysTick_IRQn=true\:0\:0\:true\:false\:true\:false\:true\:false
NVIC.USART1_IRQn=true\:0\:0\:false\:false\:true\:true\:true\:true
NVIC.UsageFault_IRQn=true\:0\:0\:false\:false\:true\:false\:false\:false
PA0.GPIOParameters=GPIO_Label
PA0.GPIO_Label=ADC_CH0_D24V
PA0.Locked=true
PA0.Mode=IN16-Single-Ended
PA0.Signal=ADC1_INP16
PA1.GPIOParameters=GPIO_Label
PA1.GPIO_Label=ADC_CH2_LAMP_VOL
PA1.Locked=true
PA1.Mode=IN17-Single-Ended
PA1.Signal=ADC1_INP17
PA10.GPIOParameters=GPIO_Label
PA10.GPIO_Label=UART_DEBUG_RX
PA10.Locked=true
PA10.Mode=Asynchronous
PA10.Signal=USART1_RX
PA11.GPIOParameters=GPIO_Label
PA11.GPIO_Label=CAN_HOST_RX
PA11.Locked=true
PA11.Mode=FDCAN_Activate
PA11.Signal=FDCAN1_RX
PA12.GPIOParameters=GPIO_Label
PA12.GPIO_Label=CAN_HOST_TX
PA12.Mode=FDCAN_Activate
PA12.Signal=FDCAN1_TX
PA13\ (JTMS/SWDIO).Locked=true
PA13\ (JTMS/SWDIO).Mode=Serial_Wire
PA13\ (JTMS/SWDIO).Signal=DEBUG_JTMS-SWDIO
PA14\ (JTCK/SWCLK).Locked=true
PA14\ (JTCK/SWCLK).Mode=Serial_Wire
PA14\ (JTCK/SWCLK).Signal=DEBUG_JTCK-SWCLK
PA15\ (JTDI).GPIOParameters=GPIO_PuPd,GPIO_Label
PA15\ (JTDI).GPIO_Label=LED
PA15\ (JTDI).GPIO_PuPd=GPIO_PULLUP
PA15\ (JTDI).Locked=true
PA15\ (JTDI).Signal=GPIO_Output
PA2.GPIOParameters=GPIO_Label
PA2.GPIO_Label=ADC_CH1_D12V
PA2.Locked=true
PA2.Signal=ADCx_INP14
PA3.GPIOParameters=GPIO_Label
PA3.GPIO_Label=ADC_CH4_TEMP
PA3.Locked=true
PA3.Signal=ADCx_INP15
PA4.GPIOParameters=GPIO_Label
PA4.GPIO_Label=DAC_CH0_LAMP_SET
PA4.Locked=true
PA4.Signal=COMP_DAC11_group
PA5.GPIOParameters=GPIO_Label
PA5.GPIO_Label=ADC_CH3_LAMP_CURR
PA5.Locked=true
PA5.Signal=ADCx_INP19
PA6.GPIOParameters=GPIO_Label,GPIO_ModeDefaultOutputPP
PA6.GPIO_Label=LAMP_IND_LED0
PA6.GPIO_ModeDefaultOutputPP=GPIO_MODE_OUTPUT_PP
PA6.Locked=true
PA6.Signal=GPIO_Output
PA7.GPIOParameters=GPIO_Label
PA7.GPIO_Label=LAMP_IND_LED1
PA7.Locked=true
PA7.Signal=GPIO_Output
PA9.GPIOParameters=GPIO_Label
PA9.GPIO_Label=UART_DEBUG_TX
PA9.Locked=true
PA9.Mode=Asynchronous
PA9.Signal=USART1_TX
PB0.GPIOParameters=GPIO_Label
PB0.GPIO_Label=LAMP_EN
PB0.Locked=true
PB0.Signal=GPIO_Output
PH0-OSC_IN\ (PH0).Locked=true
PH0-OSC_IN\ (PH0).Mode=HSE-External-Oscillator
PH0-OSC_IN\ (PH0).Signal=RCC_OSC_IN
PH1-OSC_OUT\ (PH1).Locked=true
PH1-OSC_OUT\ (PH1).Mode=HSE-External-Oscillator
PH1-OSC_OUT\ (PH1).Signal=RCC_OSC_OUT
PinOutPanel.RotationAngle=0
ProjectManager.AskForMigrate=true
ProjectManager.BackupPrevious=false
ProjectManager.CompilerOptimize=6
ProjectManager.ComputerToolchain=false
ProjectManager.CoupleFile=true
ProjectManager.CustomerFirmwarePackage=
ProjectManager.DefaultFWLocation=true
ProjectManager.DeletePrevious=true
ProjectManager.DeviceId=STM32H743VGTx
ProjectManager.FirmwarePackage=STM32Cube FW_H7 V1.11.2
ProjectManager.FreePins=true
ProjectManager.HalAssertFull=true
ProjectManager.HeapSize=0x200
ProjectManager.KeepUserCode=true
ProjectManager.LastFirmware=true
ProjectManager.LibraryCopy=1
ProjectManager.MainLocation=Core/Src
ProjectManager.NoMain=false
ProjectManager.PreviousToolchain=
ProjectManager.ProjectBuild=false
ProjectManager.ProjectFileName=Xenon_Lamp.ioc
ProjectManager.ProjectName=Xenon_Lamp
ProjectManager.ProjectStructure=
ProjectManager.RegisterCallBack=
ProjectManager.StackSize=0x400
ProjectManager.TargetToolchain=STM32CubeIDE
ProjectManager.ToolChainLocation=
ProjectManager.UnderRoot=true
ProjectManager.functionlistsort=1-SystemClock_Config-RCC-false-HAL-false,2-MX_GPIO_Init-GPIO-false-HAL-true,3-MX_DMA_Init-DMA-false-HAL-true,4-MX_USART1_UART_Init-USART1-false-HAL-true,5-MX_DAC1_Init-DAC1-false-HAL-true,6-MX_FDCAN1_Init-FDCAN1-false-HAL-true,7-MX_ADC1_Init-ADC1-false-HAL-true,8-MX_IWDG1_Init-IWDG1-false-HAL-true,0-MX_CORTEX_M7_Init-CORTEX_M7-false-HAL-true
RCC.ADC12Freq_Value=120000000
RCC.ADCFreq_Value=50000000
RCC.AHB12Freq_Value=240000000
RCC.AHB4Freq_Value=240000000
RCC.AHBFreq_Value=120000000
RCC.APB1Freq_Value=120000000
RCC.APB1TimFreq_Value=120000000
RCC.APB2Freq_Value=120000000
RCC.APB2TimFreq_Value=120000000
RCC.APB3Freq_Value=120000000
RCC.APB4Freq_Value=120000000
RCC.AXIClockFreq_Value=240000000
RCC.CECFreq_Value=32000
RCC.CKPERFreq_Value=25000000
RCC.CKPERSourceSelection=RCC_CLKPSOURCE_HSE
RCC.CRSFreq_Value=48000000
RCC.CortexFreq_Value=480000000
RCC.CpuClockFreq_Value=480000000
RCC.D1CPREFreq_Value=480000000
RCC.D1PPRE=RCC_APB3_DIV2
RCC.D2PPRE1=RCC_APB1_DIV2
RCC.D2PPRE2=RCC_APB2_DIV2
RCC.D3PPRE=RCC_APB4_DIV2
RCC.DFSDMACLkFreq_Value=120000000
RCC.DFSDMFreq_Value=120000000
RCC.DIVM1=5
RCC.DIVM2=5
RCC.DIVM3=5
RCC.DIVN1=192
RCC.DIVN2=160
RCC.DIVN3=192
RCC.DIVP1Freq_Value=480000000
RCC.DIVP2=16
RCC.DIVP2Freq_Value=50000000
RCC.DIVP3Freq_Value=480000000
RCC.DIVQ1=8
RCC.DIVQ1Freq_Value=120000000
RCC.DIVQ2=20
RCC.DIVQ2Freq_Value=40000000
RCC.DIVQ3Freq_Value=480000000
RCC.DIVR1Freq_Value=480000000
RCC.DIVR2Freq_Value=400000000
RCC.DIVR3Freq_Value=480000000
RCC.EXTERNAL_CLOCK_VALUE=12288000
RCC.EnbaleCSS=false
RCC.FCLKCortexFreq_Value=120000000
RCC.FDCANCLockSelection=RCC_FDCANCLKSOURCE_PLL2
RCC.FDCANFreq_Value=40000000
RCC.FMCFreq_Value=240000000
RCC.FamilyName=M
RCC.HCLK3ClockFreq_Value=240000000
RCC.HCLKFreq_Value=240000000
RCC.HPRE=RCC_HCLK_DIV2
RCC.HRTIMFreq_Value=240000000
RCC.HSE_VALUE=25000000
RCC.HSI48_VALUE=48000000
RCC.HSI_VALUE=16000000
RCC.I2C123Freq_Value=120000000
RCC.I2C1Freq_Value=120000000
RCC.I2C2Freq_Value=120000000
RCC.I2C3Freq_Value=120000000
RCC.I2C4Freq_Value=120000000
RCC.I2SFreq_Value=120000000
RCC.IPParameters=ADC12Freq_Value,ADCFreq_Value,AHB12Freq_Value,AHB4Freq_Value,AHBFreq_Value,APB1Freq_Value,APB1TimFreq_Value,APB2Freq_Value,APB2TimFreq_Value,APB3Freq_Value,APB4Freq_Value,AXIClockFreq_Value,CECFreq_Value,CKPERFreq_Value,CKPERSourceSelection,CRSFreq_Value,CortexFreq_Value,CpuClockFreq_Value,D1CPREFreq_Value,D1PPRE,D2PPRE1,D2PPRE2,D3PPRE,DFSDMACLkFreq_Value,DFSDMFreq_Value,DIVM1,DIVM2,DIVM3,DIVN1,DIVN2,DIVN3,DIVP1Freq_Value,DIVP2,DIVP2Freq_Value,DIVP3Freq_Value,DIVQ1,DIVQ1Freq_Value,DIVQ2,DIVQ2Freq_Value,DIVQ3Freq_Value,DIVR1Freq_Value,DIVR2Freq_Value,DIVR3Freq_Value,EXTERNAL_CLOCK_VALUE,EnbaleCSS,FCLKCortexFreq_Value,FDCANCLockSelection,FDCANFreq_Value,FMCFreq_Value,FamilyName,HCLK3ClockFreq_Value,HCLKFreq_Value,HPRE,HRTIMFreq_Value,HSE_VALUE,HSI48_VALUE,HSI_VALUE,I2C123Freq_Value,I2C1Freq_Value,I2C2Freq_Value,I2C3Freq_Value,I2C4Freq_Value,I2SFreq_Value,LPTIM1Freq_Value,LPTIM2Freq_Value,LPTIM345Freq_Value,LPUART1Freq_Value,LSCOPinFreq_Value,LSE_VALUE,LSI_VALUE,LTDCFreq_Value,MCO1PinFreq_Value,MCO2PinFreq_Value,PLL3_VCI_Range-AdvancedSettings,PLLM,PLLN,PLLPoutputFreq_Value,PLLQ,PLLQoutputFreq_Value,PLLRCLKFreq_Value,PLLSourceVirtual,PWRFreq_Value,PWR_Regulator_Voltage_Scale,ProductRev,QSPIFreq_Value,RNGFreq_Value,RTCFreq_Value,SAI1Freq_Value,SAI23Freq_Value,SAI4AFreq_Value,SAI4BFreq_Value,SDMMCFreq_Value,SPDIFRXFreq_Value,SPI123Freq_Value,SPI45Freq_Value,SPI6Freq_Value,SWPMI1Freq_Value,SYSCLKFreq_VALUE,SYSCLKSource,SupplySource,Tim1OutputFreq_Value,Tim2OutputFreq_Value,TraceFreq_Value,USART16Freq_Value,USART1Freq_Value,USART234578Freq_Value,USART2Freq_Value,USBFreq_Value,VCO1OutputFreq_Value,VCO2OutputFreq_Value,VCO3OutputFreq_Value,VCOInput1Freq_Value,VCOInput2Freq_Value,VCOInput3Freq_Value,VCOInputFreq_Value,VCOOutputFreq_Value
RCC.LPTIM1Freq_Value=120000000
RCC.LPTIM2Freq_Value=120000000
RCC.LPTIM345Freq_Value=120000000
RCC.LPUART1Freq_Value=120000000
RCC.LSCOPinFreq_Value=32000
RCC.LSE_VALUE=32768
RCC.LSI_VALUE=32000
RCC.LTDCFreq_Value=480000000
RCC.MCO1PinFreq_Value=16000000
RCC.MCO2PinFreq_Value=480000000
RCC.PLL3_VCI_Range-AdvancedSettings=RCC_PLL3VCIRANGE_0
RCC.PLLM=RCC_PLLM_DIV5
RCC.PLLN=48
RCC.PLLPoutputFreq_Value=120000000
RCC.PLLQ=RCC_PLLQ_DIV6
RCC.PLLQoutputFreq_Value=40000000
RCC.PLLRCLKFreq_Value=120000000
RCC.PLLSourceVirtual=RCC_PLLSOURCE_HSE
RCC.PWRFreq_Value=120000000
RCC.PWR_Regulator_Voltage_Scale=PWR_REGULATOR_VOLTAGE_SCALE0
RCC.ProductRev=revV
RCC.QSPIFreq_Value=240000000
RCC.RNGFreq_Value=48000000
RCC.RTCFreq_Value=32000
RCC.SAI1Freq_Value=120000000
RCC.SAI23Freq_Value=120000000
RCC.SAI4AFreq_Value=120000000
RCC.SAI4BFreq_Value=120000000
RCC.SDMMCFreq_Value=120000000
RCC.SPDIFRXFreq_Value=120000000
RCC.SPI123Freq_Value=120000000
RCC.SPI45Freq_Value=120000000
RCC.SPI6Freq_Value=120000000
RCC.SWPMI1Freq_Value=120000000
RCC.SYSCLKFreq_VALUE=480000000
RCC.SYSCLKSource=RCC_SYSCLKSOURCE_PLLCLK
RCC.SupplySource=PWR_LDO_SUPPLY
RCC.Tim1OutputFreq_Value=240000000
RCC.Tim2OutputFreq_Value=240000000
RCC.TraceFreq_Value=480000000
RCC.USART16Freq_Value=120000000
RCC.USART1Freq_Value=120000000
RCC.USART234578Freq_Value=120000000
RCC.USART2Freq_Value=120000000
RCC.USBFreq_Value=120000000
RCC.VCO1OutputFreq_Value=960000000
RCC.VCO2OutputFreq_Value=800000000
RCC.VCO3OutputFreq_Value=960000000
RCC.VCOInput1Freq_Value=5000000
RCC.VCOInput2Freq_Value=5000000
RCC.VCOInput3Freq_Value=5000000
RCC.VCOInputFreq_Value=5000000
RCC.VCOOutputFreq_Value=240000000
SH.ADCx_INP14.0=ADC1_INP14,IN14-Single-Ended
SH.ADCx_INP14.ConfNb=1
SH.ADCx_INP15.0=ADC1_INP15,IN15-Single-Ended
SH.ADCx_INP15.ConfNb=1
SH.ADCx_INP19.0=ADC1_INP19,IN19-Single-Ended
SH.ADCx_INP19.ConfNb=1
SH.COMP_DAC11_group.0=DAC1_OUT1,DAC_OUT1
SH.COMP_DAC11_group.ConfNb=1
USART1.IPParameters=VirtualMode-Asynchronous
USART1.VirtualMode-Asynchronous=VM_ASYNC
VP_IWDG1_VS_IWDG.Mode=IWDG_Activate
VP_IWDG1_VS_IWDG.Signal=IWDG1_VS_IWDG
VP_SYS_VS_Systick.Mode=SysTick
VP_SYS_VS_Systick.Signal=SYS_VS_Systick
board=custom
isbadioc=false
